{
  "version": 4,
  "terraform_version": "1.5.6",
  "serial": 1,
  "lineage": "08a34c05-d273-ce20-de3a-679c82abdaf2",
  "outputs": {},
  "resources": [
    {
      "mode": "managed",
      "type": "newrelic_one_dashboard",
      "name": "Count-Dashboard",
      "provider": "provider[\"registry.terraform.io/newrelic/newrelic\"]",
      "instances": [
        {
          "index_key": 0,
          "schema_version": 0,
          "attributes": {
            "account_id": 4267240,
            "description": null,
            "guid": "NDI2NzI0MHxWSVp8REFTSEJPQVJEfGRhOjU3OTg2Nzc",
            "id": "NDI2NzI0MHxWSVp8REFTSEJPQVJEfGRhOjU3OTg2Nzc",
            "name": "ForEach-Dashboard1",
            "page": [
              {
                "description": "",
                "guid": "NDI2NzI0MHxWSVp8REFTSEJPQVJEfDE2NzEzMzU5",
                "name": "page1",
                "widget_area": [
                  {
                    "column": 1,
                    "height": 3,
                    "id": "237044509",
                    "ignore_time_range": false,
                    "nrql_query": [
                      {
                        "account_id": 4267240,
                        "query": "SELECT count(*) FROM StorageSample"
                      }
                    ],
                    "row": 1,
                    "title": "widget4",
                    "width": 3
                  }
                ],
                "widget_bar": [],
                "widget_billboard": [
                  {
                    "column": 1,
                    "critical": "",
                    "height": 3,
                    "id": "237044510",
                    "ignore_time_range": false,
                    "nrql_query": [
                      {
                        "account_id": 4267240,
                        "query": "SELECT count(*) FROM StorageSample"
                      }
                    ],
                    "row": 1,
                    "title": "widget1",
                    "warning": "",
                    "width": 3
                  },
                  {
                    "column": 9,
                    "critical": "",
                    "height": 3,
                    "id": "237044511",
                    "ignore_time_range": false,
                    "nrql_query": [
                      {
                        "account_id": 4267240,
                        "query": "SELECT count(*) FROM ProcessSample FACET agentName, agentVersion, commandLine timeseries"
                      }
                    ],
                    "row": 1,
                    "title": "widget6",
                    "warning": "",
                    "width": 4
                  }
                ],
                "widget_bullet": [],
                "widget_funnel": [],
                "widget_heatmap": [],
                "widget_histogram": [],
                "widget_json": [],
                "widget_line": [],
                "widget_log_table": [],
                "widget_markdown": [],
                "widget_pie": [
                  {
                    "column": 4,
                    "filter_current_dashboard": false,
                    "height": 3,
                    "id": "237044512",
                    "ignore_time_range": false,
                    "linked_entity_guids": [],
                    "nrql_query": [
                      {
                        "account_id": 4267240,
                        "query": "SELECT count(*) FROM ProcessSample FACET agentName, agentVersion, commandLine"
                      }
                    ],
                    "row": 1,
                    "title": "widget2",
                    "width": 5
                  },
                  {
                    "column": 4,
                    "filter_current_dashboard": false,
                    "height": 3,
                    "id": "237044513",
                    "ignore_time_range": false,
                    "linked_entity_guids": [],
                    "nrql_query": [
                      {
                        "account_id": 4267240,
                        "query": "SELECT count(*) FROM ProcessSample FACET agentName, agentVersion, commandLine"
                      }
                    ],
                    "row": 1,
                    "title": "widget5",
                    "width": 5
                  }
                ],
                "widget_stacked_bar": [],
                "widget_table": [
                  {
                    "column": 9,
                    "filter_current_dashboard": false,
                    "height": 3,
                    "id": "237044514",
                    "ignore_time_range": false,
                    "linked_entity_guids": [],
                    "nrql_query": [
                      {
                        "account_id": 4267240,
                        "query": "SELECT count(*) FROM ProcessSample FACET agentName, agentVersion, commandLine timeseries"
                      }
                    ],
                    "row": 1,
                    "title": "widget3",
                    "width": 4
                  }
                ]
              }
            ],
            "permalink": "https://one.newrelic.com/redirect/entity/NDI2NzI0MHxWSVp8REFTSEJPQVJEfGRhOjU3OTg2Nzc",
            "permissions": "public_read_only",
            "variable": []
          },
          "sensitive_attributes": [],
          "private": "bnVsbA=="
        }
      ]
    }
  ],
  "check_results": null
}
